
Microsoft Visual Studio Solution File, Format Version 12.00
Project("{FAE04EC0-301F-11D3-BF4B-00C04F79EFBC}") = "Lockpicks", "SDV-Lockpicks\Lockpicks.csproj", "{76E0B314-EEDB-4D62-BDBD-FD2F8D176D84}"
EndProject
Project("{FAE04EC0-301F-11D3-BF4B-00C04F79EFBC}") = "Moongates", "SDV-Moongates\Moongates.csproj", "{155CE097-B50B-475D-B420-8060A092C267}"
EndProject
Project("{FAE04EC0-301F-11D3-BF4B-00C04F79EFBC}") = "Polygamy", "SDV-Polygamy\Polygamy.csproj", "{37D18216-6C50-4F25-9D6E-D719CF635FF2}"
EndProject
Project("{FAE04EC0-301F-11D3-BF4B-00C04F79EFBC}") = "Sleepovers", "SDV-Sleepovers\Sleepovers.csproj", "{155CE097-B50B-475D-B420-8060A092C267}"
EndProject
Project("{FAE04EC0-301F-11D3-BF4B-00C04F79EFBC}") = "Starbot", "SDV-Starbot\Starbot.csproj", "{155CE097-B50B-475D-B420-8060A092C267}"
EndProject
Project("{FAE04EC0-301F-11D3-BF4B-00C04F79EFBC}") = "PeopleSeeds", "..\..\..\Desktop\SDV_Mods_I_Use\PeopleSeeds\PeopleSeeds.csproj", "{81E829C0-9684-46E2-879B-0734005CDD43}"
EndProject
Global
	GlobalSection(SolutionConfigurationPlatforms) = preSolution
		Debug|Any CPU = Debug|Any CPU
		Release|Any CPU = Release|Any CPU
	EndGlobalSection
	GlobalSection(ProjectConfigurationPlatforms) = postSolution
		{76E0B314-EEDB-4D62-BDBD-FD2F8D176D84}.Debug|Any CPU.ActiveCfg = Debug|Any CPU
		{76E0B314-EEDB-4D62-BDBD-FD2F8D176D84}.Debug|Any CPU.Build.0 = Debug|Any CPU
		{76E0B314-EEDB-4D62-BDBD-FD2F8D176D84}.Release|Any CPU.ActiveCfg = Release|Any CPU
		{76E0B314-EEDB-4D62-BDBD-FD2F8D176D84}.Release|Any CPU.Build.0 = Release|Any CPU
		{155CE097-B50B-475D-B420-8060A092C267}.Debug|Any CPU.ActiveCfg = Release|Any CPU
		{155CE097-B50B-475D-B420-8060A092C267}.Debug|Any CPU.Build.0 = Release|Any CPU
		{155CE097-B50B-475D-B420-8060A092C267}.Release|Any CPU.ActiveCfg = Release|Any CPU
		{155CE097-B50B-475D-B420-8060A092C267}.Release|Any CPU.Build.0 = Release|Any CPU
		{37D18216-6C50-4F25-9D6E-D719CF635FF2}.Debug|Any CPU.ActiveCfg = Debug|Any CPU
		{37D18216-6C50-4F25-9D6E-D719CF635FF2}.Debug|Any CPU.Build.0 = Debug|Any CPU
		{37D18216-6C50-4F25-9D6E-D719CF635FF2}.Release|Any CPU.ActiveCfg = Release|Any CPU
		{37D18216-6C50-4F25-9D6E-D719CF635FF2}.Release|Any CPU.Build.0 = Release|Any CPU
		{81E829C0-9684-46E2-879B-0734005CDD43}.Debug|Any CPU.ActiveCfg = Debug|Any CPU
		{81E829C0-9684-46E2-879B-0734005CDD43}.Debug|Any CPU.Build.0 = Debug|Any CPU
		{81E829C0-9684-46E2-879B-0734005CDD43}.Release|Any CPU.ActiveCfg = Release|Any CPU
		{81E829C0-9684-46E2-879B-0734005CDD43}.Release|Any CPU.Build.0 = Release|Any CPU
	EndGlobalSection
EndGlobal
